
Microsoft Visual Studio Solution File, Format Version 12.00
# Visual Studio Version 16
VisualStudioVersion = 25.0.1704.5
MinimumVisualStudioVersion = 10.0.40219.1
Project("{FAE04EC0-301F-11D3-BF4B-00C04F79EFBC}") = "EntityFirstTest", "EntityFirstTest\EntityFirstTest.csproj", "{6DA4D81A-5DC1-42CD-939F-B6B129202AEC}"
EndProject
Global
	GlobalSection(SolutionConfigurationPlatforms) = preSolution
		Debug|Any CPU = Debug|Any CPU
		Release|Any CPU = Release|Any CPU
	EndGlobalSection
	GlobalSection(ProjectConfigurationPlatforms) = postSolution
		{6DA4D81A-5DC1-42CD-939F-B6B129202AEC}.Debug|Any CPU.ActiveCfg = Debug|Any CPU
		{6DA4D81A-5DC1-42CD-939F-B6B129202AEC}.Debug|Any CPU.Build.0 = Debug|Any CPU
		{6DA4D81A-5DC1-42CD-939F-B6B129202AEC}.Release|Any CPU.ActiveCfg = Release|Any CPU
		{6DA4D81A-5DC1-42CD-939F-B6B129202AEC}.Release|Any CPU.Build.0 = Release|Any CPU
	EndGlobalSection
	GlobalSection(SolutionProperties) = preSolution
		HideSolutionNode = FALSE
	EndGlobalSection
	GlobalSection(ExtensibilityGlobals) = postSolution
		SolutionGuid = {1C6145F5-8354-4A3A-B8C7-FF3B02840461}
	EndGlobalSection
EndGlobal
