
Microsoft Visual Studio Solution File, Format Version 12.00
# Visual Studio Version 16
VisualStudioVersion = 25.0.1704.5
MinimumVisualStudioVersion = 10.0.40219.1
Project("{FAE04EC0-301F-11D3-BF4B-00C04F79EFBC}") = "MyStore", "MyStore\MyStore.csproj", "{CD0086DC-02B7-409C-BF8D-224324717AB5}"
EndProject
Global
	GlobalSection(SolutionConfigurationPlatforms) = preSolution
		Debug|Any CPU = Debug|Any CPU
		Release|Any CPU = Release|Any CPU
	EndGlobalSection
	GlobalSection(ProjectConfigurationPlatforms) = postSolution
		{CD0086DC-02B7-409C-BF8D-224324717AB5}.Debug|Any CPU.ActiveCfg = Debug|Any CPU
		{CD0086DC-02B7-409C-BF8D-224324717AB5}.Debug|Any CPU.Build.0 = Debug|Any CPU
		{CD0086DC-02B7-409C-BF8D-224324717AB5}.Release|Any CPU.ActiveCfg = Release|Any CPU
		{CD0086DC-02B7-409C-BF8D-224324717AB5}.Release|Any CPU.Build.0 = Release|Any CPU
	EndGlobalSection
	GlobalSection(SolutionProperties) = preSolution
		HideSolutionNode = FALSE
	EndGlobalSection
	GlobalSection(ExtensibilityGlobals) = postSolution
		SolutionGuid = {1A000807-5F51-4115-9B5E-1091465A11C7}
	EndGlobalSection
EndGlobal
